
Microsoft Visual Studio Solution File, Format Version 12.00
# Visual Studio 15
VisualStudioVersion = 15.0.27004.2009
MinimumVisualStudioVersion = 10.0.40219.1
Project("{FAE04EC0-301F-11D3-BF4B-00C04F79EFBC}") = "Text_Comparer", "Text_Comparer\Text_Comparer.csproj", "{D5535C51-1D36-4857-8FC2-A38F6229D7F7}"
EndProject
Global
	GlobalSection(SolutionConfigurationPlatforms) = preSolution
		Debug|Any CPU = Debug|Any CPU
		Release|Any CPU = Release|Any CPU
	EndGlobalSection
	GlobalSection(ProjectConfigurationPlatforms) = postSolution
		{D5535C51-1D36-4857-8FC2-A38F6229D7F7}.Debug|Any CPU.ActiveCfg = Debug|Any CPU
		{D5535C51-1D36-4857-8FC2-A38F6229D7F7}.Debug|Any CPU.Build.0 = Debug|Any CPU
		{D5535C51-1D36-4857-8FC2-A38F6229D7F7}.Release|Any CPU.ActiveCfg = Release|Any CPU
		{D5535C51-1D36-4857-8FC2-A38F6229D7F7}.Release|Any CPU.Build.0 = Release|Any CPU
	EndGlobalSection
	GlobalSection(SolutionProperties) = preSolution
		HideSolutionNode = FALSE
	EndGlobalSection
	GlobalSection(ExtensibilityGlobals) = postSolution
		SolutionGuid = {308D38F3-A1B1-4277-8D2A-EB517FA55739}
	EndGlobalSection
EndGlobal
